
Microsoft Visual Studio Solution File, Format Version 12.00
# Visual Studio Version 16
VisualStudioVersion = 16.0.29424.173
MinimumVisualStudioVersion = 10.0.40219.1
Project("{FAE04EC0-301F-11D3-BF4B-00C04F79EFBC}") = "Launch.Domain", "Launch.Domain\Launch.Domain.csproj", "{8B50F4EF-AA1D-4A1F-A98C-1C4418920201}"
EndProject
Project("{FAE04EC0-301F-11D3-BF4B-00C04F79EFBC}") = "Launch.Repository", "Launch.Repository\Launch.Repository.csproj", "{FFEC8415-1E91-4926-9E10-444F05070F89}"
EndProject
Project("{FAE04EC0-301F-11D3-BF4B-00C04F79EFBC}") = "Launch.MVC", "Launch.MVC\Launch.MVC.csproj", "{8100ED22-C00B-43BE-93C6-EFC30E60D5D2}"
EndProject
Global
	GlobalSection(SolutionConfigurationPlatforms) = preSolution
		Debug|Any CPU = Debug|Any CPU
		Release|Any CPU = Release|Any CPU
	EndGlobalSection
	GlobalSection(ProjectConfigurationPlatforms) = postSolution
		{8B50F4EF-AA1D-4A1F-A98C-1C4418920201}.Debug|Any CPU.ActiveCfg = Debug|Any CPU
		{8B50F4EF-AA1D-4A1F-A98C-1C4418920201}.Debug|Any CPU.Build.0 = Debug|Any CPU
		{8B50F4EF-AA1D-4A1F-A98C-1C4418920201}.Release|Any CPU.ActiveCfg = Release|Any CPU
		{8B50F4EF-AA1D-4A1F-A98C-1C4418920201}.Release|Any CPU.Build.0 = Release|Any CPU
		{FFEC8415-1E91-4926-9E10-444F05070F89}.Debug|Any CPU.ActiveCfg = Debug|Any CPU
		{FFEC8415-1E91-4926-9E10-444F05070F89}.Debug|Any CPU.Build.0 = Debug|Any CPU
		{FFEC8415-1E91-4926-9E10-444F05070F89}.Release|Any CPU.ActiveCfg = Release|Any CPU
		{FFEC8415-1E91-4926-9E10-444F05070F89}.Release|Any CPU.Build.0 = Release|Any CPU
		{8100ED22-C00B-43BE-93C6-EFC30E60D5D2}.Debug|Any CPU.ActiveCfg = Debug|Any CPU
		{8100ED22-C00B-43BE-93C6-EFC30E60D5D2}.Debug|Any CPU.Build.0 = Debug|Any CPU
		{8100ED22-C00B-43BE-93C6-EFC30E60D5D2}.Release|Any CPU.ActiveCfg = Release|Any CPU
		{8100ED22-C00B-43BE-93C6-EFC30E60D5D2}.Release|Any CPU.Build.0 = Release|Any CPU
	EndGlobalSection
	GlobalSection(SolutionProperties) = preSolution
		HideSolutionNode = FALSE
	EndGlobalSection
	GlobalSection(ExtensibilityGlobals) = postSolution
		SolutionGuid = {03031B57-5B99-40BB-A2F3-500B5DDEAB44}
	EndGlobalSection
EndGlobal
